{
  "name": "language_acts",
  "lockfileVersion": 2,
  "requires": true,
  "packages": {
    "": {
      "dependencies": {
        "foundation-sites": "^6.6.3"
      }
    },
    "node_modules/foundation-sites": {
      "version": "6.6.3",
      "resolved": "https://registry.npmjs.org/foundation-sites/-/foundation-sites-6.6.3.tgz",
      "integrity": "sha512-8X93wUAmUg1HhVv8uWMWnwoBLSQWSmFImJencneIZDctswn724Bq/MV1cbPZN/GFWGOB/9ngoQHztfzd4+ovCg==",
      "engines": {
        "node": ">=8.4.0"
      }
    }
  },
  "dependencies": {
    "foundation-sites": {
      "version": "6.6.3",
      "resolved": "https://registry.npmjs.org/foundation-sites/-/foundation-sites-6.6.3.tgz",
      "integrity": "sha512-8X93wUAmUg1HhVv8uWMWnwoBLSQWSmFImJencneIZDctswn724Bq/MV1cbPZN/GFWGOB/9ngoQHztfzd4+ovCg=="
    }
  }
}
